
Microsoft Visual Studio Solution File, Format Version 12.00
# Visual Studio Version 17
VisualStudioVersion = 17.5.002.0
MinimumVisualStudioVersion = 10.0.40219.1
Project("{9A19103F-16F7-4668-BE54-9A1E7A4F7556}") = "Inicio_Basico", "Inicio_Basico.csproj", "{7D5C9D74-EDE8-4557-82E2-F02CC33FFC90}"
EndProject
Global
	GlobalSection(SolutionConfigurationPlatforms) = preSolution
		Debug|Any CPU = Debug|Any CPU
		Release|Any CPU = Release|Any CPU
	EndGlobalSection
	GlobalSection(ProjectConfigurationPlatforms) = postSolution
		{7D5C9D74-EDE8-4557-82E2-F02CC33FFC90}.Debug|Any CPU.ActiveCfg = Debug|Any CPU
		{7D5C9D74-EDE8-4557-82E2-F02CC33FFC90}.Debug|Any CPU.Build.0 = Debug|Any CPU
		{7D5C9D74-EDE8-4557-82E2-F02CC33FFC90}.Release|Any CPU.ActiveCfg = Release|Any CPU
		{7D5C9D74-EDE8-4557-82E2-F02CC33FFC90}.Release|Any CPU.Build.0 = Release|Any CPU
	EndGlobalSection
	GlobalSection(SolutionProperties) = preSolution
		HideSolutionNode = FALSE
	EndGlobalSection
	GlobalSection(ExtensibilityGlobals) = postSolution
		SolutionGuid = {5EC7A108-BFFA-41AF-BE12-36F3F59AF937}
	EndGlobalSection
EndGlobal
